// !$*UTF8*$!
{
	archiveVersion = 1;
	classes = {
	};
	objectVersion = 56;
	objects = {

/* Begin PBXBuildFile section */
		F534B3112C6B9BD400B99A00 /* SnipApp.swift in Sources */ = {isa = PBXBuildFile; fileRef = F534B3102C6B9BD400B99A00 /* SnipApp.swift */; };
		F534B3132C6B9BD400B99A00 /* ContentView.swift in Sources */ = {isa = PBXBuildFile; fileRef = F534B3122C6B9BD400B99A00 /* ContentView.swift */; };
		F534B3152C6B9BD400B99A00 /* Assets.xcassets in Resources */ = {isa = PBXBuildFile; fileRef = F534B3142C6B9BD400B99A00 /* Assets.xcassets */; };
		F534B3182C6B9BD400B99A00 /* Preview Assets.xcassets in Resources */ = {isa = PBXBuildFile; fileRef = F534B3172C6B9BD400B99A00 /* Preview Assets.xcassets */; };
		F534B3222C6B9C6A00B99A00 /* HomeScreen.swift in Sources */ = {isa = PBXBuildFile; fileRef = F534B3212C6B9C6A00B99A00 /* HomeScreen.swift */; };
		F534B3262C6BD1D700B99A00 /* SnipViewModel.swift in Sources */ = {isa = PBXBuildFile; fileRef = F534B3252C6BD1D700B99A00 /* SnipViewModel.swift */; };
		F56099B32C6DF75E002B3337 /* URLModel.swift in Sources */ = {isa = PBXBuildFile; fileRef = F56099B22C6DF75E002B3337 /* URLModel.swift */; };
		F56099B52C6DFA42002B3337 /* APIService.swift in Sources */ = {isa = PBXBuildFile; fileRef = F56099B42C6DFA42002B3337 /* APIService.swift */; };
		F589B3232C6C34BD00409F75 /* Test.swift in Sources */ = {isa = PBXBuildFile; fileRef = F589B3222C6C34BD00409F75 /* Test.swift */; };
		F5CCFFD52C6E7077001A2306 /* FetchedURL.swift in Sources */ = {isa = PBXBuildFile; fileRef = F5CCFFD42C6E7077001A2306 /* FetchedURL.swift */; };
		F5DCD96D2C706BF8006106A8 /* SearchScreen.swift in Sources */ = {isa = PBXBuildFile; fileRef = F5DCD96C2C706BF8006106A8 /* SearchScreen.swift */; };
/* End PBXBuildFile section */

/* Begin PBXFileReference section */
		F534B30D2C6B9BD400B99A00 /* Snip.app */ = {isa = PBXFileReference; explicitFileType = wrapper.application; includeInIndex = 0; path = Snip.app; sourceTree = BUILT_PRODUCTS_DIR; };
		F534B3102C6B9BD400B99A00 /* SnipApp.swift */ = {isa = PBXFileReference; lastKnownFileType = sourcecode.swift; path = SnipApp.swift; sourceTree = "<group>"; };
		F534B3122C6B9BD400B99A00 /* ContentView.swift */ = {isa = PBXFileReference; lastKnownFileType = sourcecode.swift; path = ContentView.swift; sourceTree = "<group>"; };
		F534B3142C6B9BD400B99A00 /* Assets.xcassets */ = {isa = PBXFileReference; lastKnownFileType = folder.assetcatalog; path = Assets.xcassets; sourceTree = "<group>"; };
		F534B3172C6B9BD400B99A00 /* Preview Assets.xcassets */ = {isa = PBXFileReference; lastKnownFileType = folder.assetcatalog; path = "Preview Assets.xcassets"; sourceTree = "<group>"; };
		F534B3212C6B9C6A00B99A00 /* HomeScreen.swift */ = {isa = PBXFileReference; lastKnownFileType = sourcecode.swift; path = HomeScreen.swift; sourceTree = "<group>"; };
		F534B3252C6BD1D700B99A00 /* SnipViewModel.swift */ = {isa = PBXFileReference; lastKnownFileType = sourcecode.swift; path = SnipViewModel.swift; sourceTree = "<group>"; };
		F56099B22C6DF75E002B3337 /* URLModel.swift */ = {isa = PBXFileReference; lastKnownFileType = sourcecode.swift; path = URLModel.swift; sourceTree = "<group>"; };
		F56099B42C6DFA42002B3337 /* APIService.swift */ = {isa = PBXFileReference; lastKnownFileType = sourcecode.swift; path = APIService.swift; sourceTree = "<group>"; };
		F589B3222C6C34BD00409F75 /* Test.swift */ = {isa = PBXFileReference; lastKnownFileType = sourcecode.swift; path = Test.swift; sourceTree = "<group>"; };
		F5CCFFD42C6E7077001A2306 /* FetchedURL.swift */ = {isa = PBXFileReference; lastKnownFileType = sourcecode.swift; path = FetchedURL.swift; sourceTree = "<group>"; };
		F5DCD96C2C706BF8006106A8 /* SearchScreen.swift */ = {isa = PBXFileReference; lastKnownFileType = sourcecode.swift; path = SearchScreen.swift; sourceTree = "<group>"; };
/* End PBXFileReference section */

/* Begin PBXFrameworksBuildPhase section */
		F534B30A2C6B9BD400B99A00 /* Frameworks */ = {
			isa = PBXFrameworksBuildPhase;
			buildActionMask = 2147483647;
			files = (
			);
			runOnlyForDeploymentPostprocessing = 0;
		};
/* End PBXFrameworksBuildPhase section */

/* Begin PBXGroup section */
		F534B3042C6B9BD400B99A00 = {
			isa = PBXGroup;
			children = (
				F534B30F2C6B9BD400B99A00 /* Snip */,
				F534B30E2C6B9BD400B99A00 /* Products */,
			);
			sourceTree = "<group>";
		};
		F534B30E2C6B9BD400B99A00 /* Products */ = {
			isa = PBXGroup;
			children = (
				F534B30D2C6B9BD400B99A00 /* Snip.app */,
			);
			name = Products;
			sourceTree = "<group>";
		};
		F534B30F2C6B9BD400B99A00 /* Snip */ = {
			isa = PBXGroup;
			children = (
				F56099B62C6DFB92002B3337 /* APIService */,
				F534B3202C6B9C4600B99A00 /* ViewModel */,
				F534B31F2C6B9C3F00B99A00 /* View */,
				F534B31E2C6B9C3800B99A00 /* Model */,
				F534B3102C6B9BD400B99A00 /* SnipApp.swift */,
				F534B3122C6B9BD400B99A00 /* ContentView.swift */,
				F534B3142C6B9BD400B99A00 /* Assets.xcassets */,
				F534B3162C6B9BD400B99A00 /* Preview Content */,
				F589B3222C6C34BD00409F75 /* Test.swift */,
			);
			path = Snip;
			sourceTree = "<group>";
		};
		F534B3162C6B9BD400B99A00 /* Preview Content */ = {
			isa = PBXGroup;
			children = (
				F534B3172C6B9BD400B99A00 /* Preview Assets.xcassets */,
			);
			path = "Preview Content";
			sourceTree = "<group>";
		};
		F534B31E2C6B9C3800B99A00 /* Model */ = {
			isa = PBXGroup;
			children = (
				F56099B22C6DF75E002B3337 /* URLModel.swift */,
			);
			path = Model;
			sourceTree = "<group>";
		};
		F534B31F2C6B9C3F00B99A00 /* View */ = {
			isa = PBXGroup;
			children = (
				F534B3212C6B9C6A00B99A00 /* HomeScreen.swift */,
				F5CCFFD42C6E7077001A2306 /* FetchedURL.swift */,
				F5DCD96C2C706BF8006106A8 /* SearchScreen.swift */,
			);
			path = View;
			sourceTree = "<group>";
		};
		F534B3202C6B9C4600B99A00 /* ViewModel */ = {
			isa = PBXGroup;
			children = (
				F534B3252C6BD1D700B99A00 /* SnipViewModel.swift */,
			);
			path = ViewModel;
			sourceTree = "<group>";
		};
		F56099B62C6DFB92002B3337 /* APIService */ = {
			isa = PBXGroup;
			children = (
				F56099B42C6DFA42002B3337 /* APIService.swift */,
			);
			path = APIService;
			sourceTree = "<group>";
		};
/* End PBXGroup section */

/* Begin PBXNativeTarget section */
		F534B30C2C6B9BD400B99A00 /* Snip */ = {
			isa = PBXNativeTarget;
			buildConfigurationList = F534B31B2C6B9BD400B99A00 /* Build configuration list for PBXNativeTarget "Snip" */;
			buildPhases = (
				F534B3092C6B9BD400B99A00 /* Sources */,
				F534B30A2C6B9BD400B99A00 /* Frameworks */,
				F534B30B2C6B9BD400B99A00 /* Resources */,
			);
			buildRules = (
			);
			dependencies = (
			);
			name = Snip;
			productName = Snip;
			productReference = F534B30D2C6B9BD400B99A00 /* Snip.app */;
			productType = "com.apple.product-type.application";
		};
/* End PBXNativeTarget section */

/* Begin PBXProject section */
		F534B3052C6B9BD400B99A00 /* Project object */ = {
			isa = PBXProject;
			attributes = {
				BuildIndependentTargetsInParallel = 1;
				LastSwiftUpdateCheck = 1530;
				LastUpgradeCheck = 1530;
				TargetAttributes = {
					F534B30C2C6B9BD400B99A00 = {
						CreatedOnToolsVersion = 15.3;
					};
				};
			};
			buildConfigurationList = F534B3082C6B9BD400B99A00 /* Build configuration list for PBXProject "Snip" */;
			compatibilityVersion = "Xcode 14.0";
			developmentRegion = en;
			hasScannedForEncodings = 0;
			knownRegions = (
				en,
				Base,
			);
			mainGroup = F534B3042C6B9BD400B99A00;
			productRefGroup = F534B30E2C6B9BD400B99A00 /* Products */;
			projectDirPath = "";
			projectRoot = "";
			targets = (
				F534B30C2C6B9BD400B99A00 /* Snip */,
			);
		};
/* End PBXProject section */

/* Begin PBXResourcesBuildPhase section */
		F534B30B2C6B9BD400B99A00 /* Resources */ = {
			isa = PBXResourcesBuildPhase;
			buildActionMask = 2147483647;
			files = (
				F534B3182C6B9BD400B99A00 /* Preview Assets.xcassets in Resources */,
				F534B3152C6B9BD400B99A00 /* Assets.xcassets in Resources */,
			);
			runOnlyForDeploymentPostprocessing = 0;
		};
/* End PBXResourcesBuildPhase section */

/* Begin PBXSourcesBuildPhase section */
		F534B3092C6B9BD400B99A00 /* Sources */ = {
			isa = PBXSourcesBuildPhase;
			buildActionMask = 2147483647;
			files = (
				F534B3262C6BD1D700B99A00 /* SnipViewModel.swift in Sources */,
				F5DCD96D2C706BF8006106A8 /* SearchScreen.swift in Sources */,
				F56099B32C6DF75E002B3337 /* URLModel.swift in Sources */,
				F5CCFFD52C6E7077001A2306 /* FetchedURL.swift in Sources */,
				F534B3132C6B9BD400B99A00 /* ContentView.swift in Sources */,
				F589B3232C6C34BD00409F75 /* Test.swift in Sources */,
				F534B3112C6B9BD400B99A00 /* SnipApp.swift in Sources */,
				F534B3222C6B9C6A00B99A00 /* HomeScreen.swift in Sources */,
				F56099B52C6DFA42002B3337 /* APIService.swift in Sources */,
			);
			runOnlyForDeploymentPostprocessing = 0;
		};
/* End PBXSourcesBuildPhase section */

/* Begin XCBuildConfiguration section */
		F534B3192C6B9BD400B99A00 /* Debug */ = {
			isa = XCBuildConfiguration;
			buildSettings = {
				ALWAYS_SEARCH_USER_PATHS = NO;
				ASSETCATALOG_COMPILER_GENERATE_SWIFT_ASSET_SYMBOL_EXTENSIONS = YES;
				CLANG_ANALYZER_NONNULL = YES;
				CLANG_ANALYZER_NUMBER_OBJECT_CONVERSION = YES_AGGRESSIVE;
				CLANG_CXX_LANGUAGE_STANDARD = "gnu++20";
				CLANG_ENABLE_MODULES = YES;
				CLANG_ENABLE_OBJC_ARC = YES;
				CLANG_ENABLE_OBJC_WEAK = YES;
				CLANG_WARN_BLOCK_CAPTURE_AUTORELEASING = YES;
				CLANG_WARN_BOOL_CONVERSION = YES;
				CLANG_WARN_COMMA = YES;
				CLANG_WARN_CONSTANT_CONVERSION = YES;
				CLANG_WARN_DEPRECATED_OBJC_IMPLEMENTATIONS = YES;
				CLANG_WARN_DIRECT_OBJC_ISA_USAGE = YES_ERROR;
				CLANG_WARN_DOCUMENTATION_COMMENTS = YES;
				CLANG_WARN_EMPTY_BODY = YES;
				CLANG_WARN_ENUM_CONVERSION = YES;
				CLANG_WARN_INFINITE_RECURSION = YES;
				CLANG_WARN_INT_CONVERSION = YES;
				CLANG_WARN_NON_LITERAL_NULL_CONVERSION = YES;
				CLANG_WARN_OBJC_IMPLICIT_RETAIN_SELF = YES;
				CLANG_WARN_OBJC_LITERAL_CONVERSION = YES;
				CLANG_WARN_OBJC_ROOT_CLASS = YES_ERROR;
				CLANG_WARN_QUOTED_INCLUDE_IN_FRAMEWORK_HEADER = YES;
				CLANG_WARN_RANGE_LOOP_ANALYSIS = YES;
				CLANG_WARN_STRICT_PROTOTYPES = YES;
				CLANG_WARN_SUSPICIOUS_MOVE = YES;
				CLANG_WARN_UNGUARDED_AVAILABILITY = YES_AGGRESSIVE;
				CLANG_WARN_UNREACHABLE_CODE = YES;
				CLANG_WARN__DUPLICATE_METHOD_MATCH = YES;
				COPY_PHASE_STRIP = NO;
				DEBUG_INFORMATION_FORMAT = dwarf;
				ENABLE_STRICT_OBJC_MSGSEND = YES;
				ENABLE_TESTABILITY = YES;
				ENABLE_USER_SCRIPT_SANDBOXING = YES;
				GCC_C_LANGUAGE_STANDARD = gnu17;
				GCC_DYNAMIC_NO_PIC = NO;
				GCC_NO_COMMON_BLOCKS = YES;
				GCC_OPTIMIZATION_LEVEL = 0;
				GCC_PREPROCESSOR_DEFINITIONS = (
					"DEBUG=1",
					"$(inherited)",
				);
				GCC_WARN_64_TO_32_BIT_CONVERSION = YES;
				GCC_WARN_ABOUT_RETURN_TYPE = YES_ERROR;
				GCC_WARN_UNDECLARED_SELECTOR = YES;
				GCC_WARN_UNINITIALIZED_AUTOS = YES_AGGRESSIVE;
				GCC_WARN_UNUSED_FUNCTION = YES;
				GCC_WARN_UNUSED_VARIABLE = YES;
				IPHONEOS_DEPLOYMENT_TARGET = 17.4;
				LOCALIZATION_PREFERS_STRING_CATALOGS = YES;
				MTL_ENABLE_DEBUG_INFO = INCLUDE_SOURCE;
				MTL_FAST_MATH = YES;
				ONLY_ACTIVE_ARCH = YES;
				SDKROOT = iphoneos;
				SWIFT_ACTIVE_COMPILATION_CONDITIONS = "DEBUG $(inherited)";
				SWIFT_OPTIMIZATION_LEVEL = "-Onone";
			};
			name = Debug;
		};
		F534B31A2C6B9BD400B99A00 /* Release */ = {
			isa = XCBuildConfiguration;
			buildSettings = {
				ALWAYS_SEARCH_USER_PATHS = NO;
				ASSETCATALOG_COMPILER_GENERATE_SWIFT_ASSET_SYMBOL_EXTENSIONS = YES;
				CLANG_ANALYZER_NONNULL = YES;
				CLANG_ANALYZER_NUMBER_OBJECT_CONVERSION = YES_AGGRESSIVE;
				CLANG_CXX_LANGUAGE_STANDARD = "gnu++20";
				CLANG_ENABLE_MODULES = YES;
				CLANG_ENABLE_OBJC_ARC = YES;
				CLANG_ENABLE_OBJC_WEAK = YES;
				CLANG_WARN_BLOCK_CAPTURE_AUTORELEASING = YES;
				CLANG_WARN_BOOL_CONVERSION = YES;
				CLANG_WARN_COMMA = YES;
				CLANG_WARN_CONSTANT_CONVERSION = YES;
				CLANG_WARN_DEPRECATED_OBJC_IMPLEMENTATIONS = YES;
				CLANG_WARN_DIRECT_OBJC_ISA_USAGE = YES_ERROR;
				CLANG_WARN_DOCUMENTATION_COMMENTS = YES;
				CLANG_WARN_EMPTY_BODY = YES;
				CLANG_WARN_ENUM_CONVERSION = YES;
				CLANG_WARN_INFINITE_RECURSION = YES;
				CLANG_WARN_INT_CONVERSION = YES;
				CLANG_WARN_NON_LITERAL_NULL_CONVERSION = YES;
				CLANG_WARN_OBJC_IMPLICIT_RETAIN_SELF = YES;
				CLANG_WARN_OBJC_LITERAL_CONVERSION = YES;
				CLANG_WARN_OBJC_ROOT_CLASS = YES_ERROR;
				CLANG_WARN_QUOTED_INCLUDE_IN_FRAMEWORK_HEADER = YES;
				CLANG_WARN_RANGE_LOOP_ANALYSIS = YES;
				CLANG_WARN_STRICT_PROTOTYPES = YES;
				CLANG_WARN_SUSPICIOUS_MOVE = YES;
				CLANG_WARN_UNGUARDED_AVAILABILITY = YES_AGGRESSIVE;
				CLANG_WARN_UNREACHABLE_CODE = YES;
				CLANG_WARN__DUPLICATE_METHOD_MATCH = YES;
				COPY_PHASE_STRIP = NO;
				DEBUG_INFORMATION_FORMAT = "dwarf-with-dsym";
				ENABLE_NS_ASSERTIONS = NO;
				ENABLE_STRICT_OBJC_MSGSEND = YES;
				ENABLE_USER_SCRIPT_SANDBOXING = YES;
				GCC_C_LANGUAGE_STANDARD = gnu17;
				GCC_NO_COMMON_BLOCKS = YES;
				GCC_WARN_64_TO_32_BIT_CONVERSION = YES;
				GCC_WARN_ABOUT_RETURN_TYPE = YES_ERROR;
				GCC_WARN_UNDECLARED_SELECTOR = YES;
				GCC_WARN_UNINITIALIZED_AUTOS = YES_AGGRESSIVE;
				GCC_WARN_UNUSED_FUNCTION = YES;
				GCC_WARN_UNUSED_VARIABLE = YES;
				IPHONEOS_DEPLOYMENT_TARGET = 17.4;
				LOCALIZATION_PREFERS_STRING_CATALOGS = YES;
				MTL_ENABLE_DEBUG_INFO = NO;
				MTL_FAST_MATH = YES;
				SDKROOT = iphoneos;
				SWIFT_COMPILATION_MODE = wholemodule;
				VALIDATE_PRODUCT = YES;
			};
			name = Release;
		};
		F534B31C2C6B9BD400B99A00 /* Debug */ = {
			isa = XCBuildConfiguration;
			buildSettings = {
				ASSETCATALOG_COMPILER_APPICON_NAME = AppIcon;
				ASSETCATALOG_COMPILER_GLOBAL_ACCENT_COLOR_NAME = AccentColor;
				CODE_SIGN_STYLE = Automatic;
				CURRENT_PROJECT_VERSION = 1;
				DEVELOPMENT_ASSET_PATHS = "\"Snip/Preview Content\"";
				DEVELOPMENT_TEAM = 348G3J7A7C;
				ENABLE_PREVIEWS = YES;
				GENERATE_INFOPLIST_FILE = YES;
				INFOPLIST_KEY_UIApplicationSceneManifest_Generation = YES;
				INFOPLIST_KEY_UIApplicationSupportsIndirectInputEvents = YES;
				INFOPLIST_KEY_UILaunchScreen_Generation = YES;
				INFOPLIST_KEY_UISupportedInterfaceOrientations_iPad = "UIInterfaceOrientationPortrait UIInterfaceOrientationPortraitUpsideDown UIInterfaceOrientationLandscapeLeft UIInterfaceOrientationLandscapeRight";
				INFOPLIST_KEY_UISupportedInterfaceOrientations_iPhone = "UIInterfaceOrientationPortrait UIInterfaceOrientationLandscapeLeft UIInterfaceOrientationLandscapeRight";
				LD_RUNPATH_SEARCH_PATHS = (
					"$(inherited)",
					"@executable_path/Frameworks",
				);
				MARKETING_VERSION = 1.0;
				PRODUCT_BUNDLE_IDENTIFIER = MrinmoyBorah.Snip;
				PRODUCT_NAME = "$(TARGET_NAME)";
				SWIFT_EMIT_LOC_STRINGS = YES;
				SWIFT_VERSION = 5.0;
				TARGETED_DEVICE_FAMILY = "1,2";
			};
			name = Debug;
		};
		F534B31D2C6B9BD400B99A00 /* Release */ = {
			isa = XCBuildConfiguration;
			buildSettings = {
				ASSETCATALOG_COMPILER_APPICON_NAME = AppIcon;
				ASSETCATALOG_COMPILER_GLOBAL_ACCENT_COLOR_NAME = AccentColor;
				CODE_SIGN_STYLE = Automatic;
				CURRENT_PROJECT_VERSION = 1;
				DEVELOPMENT_ASSET_PATHS = "\"Snip/Preview Content\"";
				DEVELOPMENT_TEAM = 348G3J7A7C;
				ENABLE_PREVIEWS = YES;
				GENERATE_INFOPLIST_FILE = YES;
				INFOPLIST_KEY_UIApplicationSceneManifest_Generation = YES;
				INFOPLIST_KEY_UIApplicationSupportsIndirectInputEvents = YES;
				INFOPLIST_KEY_UILaunchScreen_Generation = YES;
				INFOPLIST_KEY_UISupportedInterfaceOrientations_iPad = "UIInterfaceOrientationPortrait UIInterfaceOrientationPortraitUpsideDown UIInterfaceOrientationLandscapeLeft UIInterfaceOrientationLandscapeRight";
				INFOPLIST_KEY_UISupportedInterfaceOrientations_iPhone = "UIInterfaceOrientationPortrait UIInterfaceOrientationLandscapeLeft UIInterfaceOrientationLandscapeRight";
				LD_RUNPATH_SEARCH_PATHS = (
					"$(inherited)",
					"@executable_path/Frameworks",
				);
				MARKETING_VERSION = 1.0;
				PRODUCT_BUNDLE_IDENTIFIER = MrinmoyBorah.Snip;
				PRODUCT_NAME = "$(TARGET_NAME)";
				SWIFT_EMIT_LOC_STRINGS = YES;
				SWIFT_VERSION = 5.0;
				TARGETED_DEVICE_FAMILY = "1,2";
			};
			name = Release;
		};
/* End XCBuildConfiguration section */

/* Begin XCConfigurationList section */
		F534B3082C6B9BD400B99A00 /* Build configuration list for PBXProject "Snip" */ = {
			isa = XCConfigurationList;
			buildConfigurations = (
				F534B3192C6B9BD400B99A00 /* Debug */,
				F534B31A2C6B9BD400B99A00 /* Release */,
			);
			defaultConfigurationIsVisible = 0;
			defaultConfigurationName = Release;
		};
		F534B31B2C6B9BD400B99A00 /* Build configuration list for PBXNativeTarget "Snip" */ = {
			isa = XCConfigurationList;
			buildConfigurations = (
				F534B31C2C6B9BD400B99A00 /* Debug */,
				F534B31D2C6B9BD400B99A00 /* Release */,
			);
			defaultConfigurationIsVisible = 0;
			defaultConfigurationName = Release;
		};
/* End XCConfigurationList section */
	};
	rootObject = F534B3052C6B9BD400B99A00 /* Project object */;
}
